
Microsoft Visual Studio Solution File, Format Version 12.00
# Visual Studio Version 17
VisualStudioVersion = 17.2.32602.215
MinimumVisualStudioVersion = 10.0.40219.1
Project("{8BC9CEB8-8B4A-11D0-8D11-00A0C91BC942}") = "Account", "Account\Account.vcxproj", "{975916EF-24D8-406F-84B4-0C428E7AD310}"
EndProject
Global
	GlobalSection(SolutionConfigurationPlatforms) = preSolution
		Debug|x64 = Debug|x64
		Debug|x86 = Debug|x86
		Release|x64 = Release|x64
		Release|x86 = Release|x86
	EndGlobalSection
	GlobalSection(ProjectConfigurationPlatforms) = postSolution
		{975916EF-24D8-406F-84B4-0C428E7AD310}.Debug|x64.ActiveCfg = Debug|x64
		{975916EF-24D8-406F-84B4-0C428E7AD310}.Debug|x64.Build.0 = Debug|x64
		{975916EF-24D8-406F-84B4-0C428E7AD310}.Debug|x86.ActiveCfg = Debug|Win32
		{975916EF-24D8-406F-84B4-0C428E7AD310}.Debug|x86.Build.0 = Debug|Win32
		{975916EF-24D8-406F-84B4-0C428E7AD310}.Release|x64.ActiveCfg = Release|x64
		{975916EF-24D8-406F-84B4-0C428E7AD310}.Release|x64.Build.0 = Release|x64
		{975916EF-24D8-406F-84B4-0C428E7AD310}.Release|x86.ActiveCfg = Release|Win32
		{975916EF-24D8-406F-84B4-0C428E7AD310}.Release|x86.Build.0 = Release|Win32
	EndGlobalSection
	GlobalSection(SolutionProperties) = preSolution
		HideSolutionNode = FALSE
	EndGlobalSection
	GlobalSection(ExtensibilityGlobals) = postSolution
		SolutionGuid = {36507634-7DF5-4041-BE94-65CC3C556FBA}
	EndGlobalSection
EndGlobal
